
Microsoft Visual Studio Solution File, Format Version 12.00
# Visual Studio Version 17
VisualStudioVersion = 17.2.32602.215
MinimumVisualStudioVersion = 10.0.40219.1
Project("{FAE04EC0-301F-11D3-BF4B-00C04F79EFBC}") = "RaceChallenge", "RaceChallenge\RaceChallenge.csproj", "{95E916DC-3976-45BE-9CCA-5D62AC116C79}"
EndProject
Global
	GlobalSection(SolutionConfigurationPlatforms) = preSolution
		Debug|Any CPU = Debug|Any CPU
		Release|Any CPU = Release|Any CPU
	EndGlobalSection
	GlobalSection(ProjectConfigurationPlatforms) = postSolution
		{95E916DC-3976-45BE-9CCA-5D62AC116C79}.Debug|Any CPU.ActiveCfg = Debug|Any CPU
		{95E916DC-3976-45BE-9CCA-5D62AC116C79}.Debug|Any CPU.Build.0 = Debug|Any CPU
		{95E916DC-3976-45BE-9CCA-5D62AC116C79}.Release|Any CPU.ActiveCfg = Release|Any CPU
		{95E916DC-3976-45BE-9CCA-5D62AC116C79}.Release|Any CPU.Build.0 = Release|Any CPU
	EndGlobalSection
	GlobalSection(SolutionProperties) = preSolution
		HideSolutionNode = FALSE
	EndGlobalSection
	GlobalSection(ExtensibilityGlobals) = postSolution
		SolutionGuid = {9F430155-01F6-4A30-BA67-27485928E104}
	EndGlobalSection
EndGlobal
